// !$*UTF8*$!
{
	archiveVersion = 1;
	classes = {
	};
	objectVersion = 46;
	objects = {

/* Begin PBXBuildFile section */
		661EB20119A58ED00054D4C9 /* main.m in Sources */ = {isa = PBXBuildFile; fileRef = 661EB20019A58ED00054D4C9 /* main.m */; };
		661EB20419A58ED00054D4C9 /* AppDelegate.m in Sources */ = {isa = PBXBuildFile; fileRef = 661EB20319A58ED00054D4C9 /* AppDelegate.m */; };
		661EB20719A58ED00054D4C9 /* LucidNotes_iOS8.xcdatamodeld in Sources */ = {isa = PBXBuildFile; fileRef = 661EB20519A58ED00054D4C9 /* LucidNotes_iOS8.xcdatamodeld */; };
		661EB20A19A58ED00054D4C9 /* MasterViewController.m in Sources */ = {isa = PBXBuildFile; fileRef = 661EB20919A58ED00054D4C9 /* MasterViewController.m */; };
		661EB20D19A58ED00054D4C9 /* DetailViewController.m in Sources */ = {isa = PBXBuildFile; fileRef = 661EB20C19A58ED00054D4C9 /* DetailViewController.m */; };
		661EB21019A58ED00054D4C9 /* Main.storyboard in Resources */ = {isa = PBXBuildFile; fileRef = 661EB20E19A58ED00054D4C9 /* Main.storyboard */; };
		661EB21219A58ED00054D4C9 /* Images.xcassets in Resources */ = {isa = PBXBuildFile; fileRef = 661EB21119A58ED00054D4C9 /* Images.xcassets */; };
		661EB21E19A58ED00054D4C9 /* LucidNotes_iOS8Tests.m in Sources */ = {isa = PBXBuildFile; fileRef = 661EB21D19A58ED00054D4C9 /* LucidNotes_iOS8Tests.m */; };
		661EB22C19A592D20054D4C9 /* NotesTableViewCell.m in Sources */ = {isa = PBXBuildFile; fileRef = 661EB22B19A592D20054D4C9 /* NotesTableViewCell.m */; };
		661EB22F19A59B790054D4C9 /* DismissNewNoteSegue.m in Sources */ = {isa = PBXBuildFile; fileRef = 661EB22E19A59B790054D4C9 /* DismissNewNoteSegue.m */; };
		661EB23219A5A8AC0054D4C9 /* AlarmTableViewCell.m in Sources */ = {isa = PBXBuildFile; fileRef = 661EB23119A5A8AC0054D4C9 /* AlarmTableViewCell.m */; };
		661EB23519A5A8C40054D4C9 /* AlarmTableViewController.m in Sources */ = {isa = PBXBuildFile; fileRef = 661EB23419A5A8C40054D4C9 /* AlarmTableViewController.m */; };
		661EB23919A5B1900054D4C9 /* ComposeViewController.m in Sources */ = {isa = PBXBuildFile; fileRef = 661EB23819A5B1900054D4C9 /* ComposeViewController.m */; };
		66C722D419AC6F03003C4667 /* MagicalImportFunctions.m in Sources */ = {isa = PBXBuildFile; fileRef = 66C7229A19AC6F03003C4667 /* MagicalImportFunctions.m */; };
		66C722D519AC6F03003C4667 /* NSAttributeDescription+MagicalDataImport.m in Sources */ = {isa = PBXBuildFile; fileRef = 66C7229C19AC6F03003C4667 /* NSAttributeDescription+MagicalDataImport.m */; };
		66C722D619AC6F03003C4667 /* NSEntityDescription+MagicalDataImport.m in Sources */ = {isa = PBXBuildFile; fileRef = 66C7229E19AC6F03003C4667 /* NSEntityDescription+MagicalDataImport.m */; };
		66C722D719AC6F03003C4667 /* NSNumber+MagicalDataImport.m in Sources */ = {isa = PBXBuildFile; fileRef = 66C722A019AC6F03003C4667 /* NSNumber+MagicalDataImport.m */; };
		66C722D819AC6F03003C4667 /* NSObject+MagicalDataImport.m in Sources */ = {isa = PBXBuildFile; fileRef = 66C722A219AC6F03003C4667 /* NSObject+MagicalDataImport.m */; };
		66C722D919AC6F03003C4667 /* NSRelationshipDescription+MagicalDataImport.m in Sources */ = {isa = PBXBuildFile; fileRef = 66C722A419AC6F03003C4667 /* NSRelationshipDescription+MagicalDataImport.m */; };
		66C722DA19AC6F03003C4667 /* NSString+MagicalDataImport.m in Sources */ = {isa = PBXBuildFile; fileRef = 66C722A619AC6F03003C4667 /* NSString+MagicalDataImport.m */; };
		66C722DB19AC6F03003C4667 /* NSManagedObject+MagicalAggregation.m in Sources */ = {isa = PBXBuildFile; fileRef = 66C722A919AC6F03003C4667 /* NSManagedObject+MagicalAggregation.m */; };
		66C722DC19AC6F03003C4667 /* NSManagedObject+MagicalDataImport.m in Sources */ = {isa = PBXBuildFile; fileRef = 66C722AB19AC6F03003C4667 /* NSManagedObject+MagicalDataImport.m */; };
		66C722DD19AC6F03003C4667 /* NSManagedObject+MagicalFinders.m in Sources */ = {isa = PBXBuildFile; fileRef = 66C722AD19AC6F03003C4667 /* NSManagedObject+MagicalFinders.m */; };
		66C722DE19AC6F03003C4667 /* NSManagedObject+MagicalRecord.m in Sources */ = {isa = PBXBuildFile; fileRef = 66C722AF19AC6F03003C4667 /* NSManagedObject+MagicalRecord.m */; };
		66C722DF19AC6F03003C4667 /* NSManagedObject+MagicalRequests.m in Sources */ = {isa = PBXBuildFile; fileRef = 66C722B119AC6F03003C4667 /* NSManagedObject+MagicalRequests.m */; };
		66C722E019AC6F03003C4667 /* NSManagedObjectContext+MagicalObserving.m in Sources */ = {isa = PBXBuildFile; fileRef = 66C722B419AC6F03003C4667 /* NSManagedObjectContext+MagicalObserving.m */; };
		66C722E119AC6F03003C4667 /* NSManagedObjectContext+MagicalRecord.m in Sources */ = {isa = PBXBuildFile; fileRef = 66C722B619AC6F03003C4667 /* NSManagedObjectContext+MagicalRecord.m */; };
		66C722E219AC6F03003C4667 /* NSManagedObjectContext+MagicalSaves.m in Sources */ = {isa = PBXBuildFile; fileRef = 66C722B819AC6F03003C4667 /* NSManagedObjectContext+MagicalSaves.m */; };
		66C722E319AC6F03003C4667 /* NSManagedObjectContext+MagicalThreading.m in Sources */ = {isa = PBXBuildFile; fileRef = 66C722BA19AC6F03003C4667 /* NSManagedObjectContext+MagicalThreading.m */; };
		66C722E419AC6F03003C4667 /* NSManagedObjectModel+MagicalRecord.m in Sources */ = {isa = PBXBuildFile; fileRef = 66C722BC19AC6F03003C4667 /* NSManagedObjectModel+MagicalRecord.m */; };
		66C722E519AC6F03003C4667 /* NSPersistentStore+MagicalRecord.m in Sources */ = {isa = PBXBuildFile; fileRef = 66C722BE19AC6F03003C4667 /* NSPersistentStore+MagicalRecord.m */; };
		66C722E619AC6F03003C4667 /* NSPersistentStoreCoordinator+MagicalRecord.m in Sources */ = {isa = PBXBuildFile; fileRef = 66C722C019AC6F03003C4667 /* NSPersistentStoreCoordinator+MagicalRecord.m */; };
		66C722E719AC6F03003C4667 /* MagicalRecord+Actions.m in Sources */ = {isa = PBXBuildFile; fileRef = 66C722C319AC6F03003C4667 /* MagicalRecord+Actions.m */; };
		66C722E819AC6F03003C4667 /* MagicalRecord+ErrorHandling.m in Sources */ = {isa = PBXBuildFile; fileRef = 66C722C519AC6F03003C4667 /* MagicalRecord+ErrorHandling.m */; };
		66C722E919AC6F03003C4667 /* MagicalRecord+iCloud.m in Sources */ = {isa = PBXBuildFile; fileRef = 66C722C719AC6F03003C4667 /* MagicalRecord+iCloud.m */; };
		66C722EA19AC6F03003C4667 /* MagicalRecord+Options.m in Sources */ = {isa = PBXBuildFile; fileRef = 66C722C919AC6F03003C4667 /* MagicalRecord+Options.m */; };
		66C722EB19AC6F03003C4667 /* MagicalRecord+Setup.m in Sources */ = {isa = PBXBuildFile; fileRef = 66C722CB19AC6F03003C4667 /* MagicalRecord+Setup.m */; };
		66C722EC19AC6F03003C4667 /* MagicalRecord+ShorthandSupport.m in Sources */ = {isa = PBXBuildFile; fileRef = 66C722CD19AC6F03003C4667 /* MagicalRecord+ShorthandSupport.m */; };
		66C722ED19AC6F03003C4667 /* MagicalRecord.m in Sources */ = {isa = PBXBuildFile; fileRef = 66C722CF19AC6F03003C4667 /* MagicalRecord.m */; };
/* End PBXBuildFile section */

/* Begin PBXContainerItemProxy section */
		661EB21819A58ED00054D4C9 /* PBXContainerItemProxy */ = {
			isa = PBXContainerItemProxy;
			containerPortal = 661EB1F319A58ED00054D4C9 /* Project object */;
			proxyType = 1;
			remoteGlobalIDString = 661EB1FA19A58ED00054D4C9;
			remoteInfo = "LucidNotes-iOS8";
		};
/* End PBXContainerItemProxy section */

/* Begin PBXFileReference section */
		661EB1FB19A58ED00054D4C9 /* LucidNotes-iOS8.app */ = {isa = PBXFileReference; explicitFileType = wrapper.application; includeInIndex = 0; path = "LucidNotes-iOS8.app"; sourceTree = BUILT_PRODUCTS_DIR; };
		661EB1FF19A58ED00054D4C9 /* Info.plist */ = {isa = PBXFileReference; lastKnownFileType = text.plist.xml; path = Info.plist; sourceTree = "<group>"; };
		661EB20019A58ED00054D4C9 /* main.m */ = {isa = PBXFileReference; lastKnownFileType = sourcecode.c.objc; path = main.m; sourceTree = "<group>"; };
		661EB20219A58ED00054D4C9 /* AppDelegate.h */ = {isa = PBXFileReference; lastKnownFileType = sourcecode.c.h; path = AppDelegate.h; sourceTree = "<group>"; };
		661EB20319A58ED00054D4C9 /* AppDelegate.m */ = {isa = PBXFileReference; lastKnownFileType = sourcecode.c.objc; path = AppDelegate.m; sourceTree = "<group>"; };
		661EB20619A58ED00054D4C9 /* LucidNotes_iOS8.xcdatamodel */ = {isa = PBXFileReference; lastKnownFileType = wrapper.xcdatamodel; path = LucidNotes_iOS8.xcdatamodel; sourceTree = "<group>"; };
		661EB20819A58ED00054D4C9 /* MasterViewController.h */ = {isa = PBXFileReference; lastKnownFileType = sourcecode.c.h; path = MasterViewController.h; sourceTree = "<group>"; };
		661EB20919A58ED00054D4C9 /* MasterViewController.m */ = {isa = PBXFileReference; lastKnownFileType = sourcecode.c.objc; path = MasterViewController.m; sourceTree = "<group>"; };
		661EB20B19A58ED00054D4C9 /* DetailViewController.h */ = {isa = PBXFileReference; lastKnownFileType = sourcecode.c.h; path = DetailViewController.h; sourceTree = "<group>"; };
		661EB20C19A58ED00054D4C9 /* DetailViewController.m */ = {isa = PBXFileReference; lastKnownFileType = sourcecode.c.objc; path = DetailViewController.m; sourceTree = "<group>"; };
		661EB20F19A58ED00054D4C9 /* Base */ = {isa = PBXFileReference; lastKnownFileType = file.storyboard; name = Base; path = Base.lproj/Main.storyboard; sourceTree = "<group>"; };
		661EB21119A58ED00054D4C9 /* Images.xcassets */ = {isa = PBXFileReference; lastKnownFileType = folder.assetcatalog; path = Images.xcassets; sourceTree = "<group>"; };
		661EB21719A58ED00054D4C9 /* LucidNotes-iOS8Tests.xctest */ = {isa = PBXFileReference; explicitFileType = wrapper.cfbundle; includeInIndex = 0; path = "LucidNotes-iOS8Tests.xctest"; sourceTree = BUILT_PRODUCTS_DIR; };
		661EB21C19A58ED00054D4C9 /* Info.plist */ = {isa = PBXFileReference; lastKnownFileType = text.plist.xml; path = Info.plist; sourceTree = "<group>"; };
		661EB21D19A58ED00054D4C9 /* LucidNotes_iOS8Tests.m */ = {isa = PBXFileReference; lastKnownFileType = sourcecode.c.objc; path = LucidNotes_iOS8Tests.m; sourceTree = "<group>"; };
		661EB22A19A592D20054D4C9 /* NotesTableViewCell.h */ = {isa = PBXFileReference; fileEncoding = 4; lastKnownFileType = sourcecode.c.h; path = NotesTableViewCell.h; sourceTree = "<group>"; };
		661EB22B19A592D20054D4C9 /* NotesTableViewCell.m */ = {isa = PBXFileReference; fileEncoding = 4; lastKnownFileType = sourcecode.c.objc; path = NotesTableViewCell.m; sourceTree = "<group>"; };
		661EB22D19A59B790054D4C9 /* DismissNewNoteSegue.h */ = {isa = PBXFileReference; fileEncoding = 4; lastKnownFileType = sourcecode.c.h; path = DismissNewNoteSegue.h; sourceTree = "<group>"; };
		661EB22E19A59B790054D4C9 /* DismissNewNoteSegue.m */ = {isa = PBXFileReference; fileEncoding = 4; lastKnownFileType = sourcecode.c.objc; path = DismissNewNoteSegue.m; sourceTree = "<group>"; };
		661EB23019A5A8AC0054D4C9 /* AlarmTableViewCell.h */ = {isa = PBXFileReference; fileEncoding = 4; lastKnownFileType = sourcecode.c.h; path = AlarmTableViewCell.h; sourceTree = "<group>"; };
		661EB23119A5A8AC0054D4C9 /* AlarmTableViewCell.m */ = {isa = PBXFileReference; fileEncoding = 4; lastKnownFileType = sourcecode.c.objc; path = AlarmTableViewCell.m; sourceTree = "<group>"; };
		661EB23319A5A8C40054D4C9 /* AlarmTableViewController.h */ = {isa = PBXFileReference; fileEncoding = 4; lastKnownFileType = sourcecode.c.h; path = AlarmTableViewController.h; sourceTree = "<group>"; };
		661EB23419A5A8C40054D4C9 /* AlarmTableViewController.m */ = {isa = PBXFileReference; fileEncoding = 4; lastKnownFileType = sourcecode.c.objc; path = AlarmTableViewController.m; sourceTree = "<group>"; };
		661EB23719A5B1900054D4C9 /* ComposeViewController.h */ = {isa = PBXFileReference; fileEncoding = 4; lastKnownFileType = sourcecode.c.h; path = ComposeViewController.h; sourceTree = "<group>"; };
		661EB23819A5B1900054D4C9 /* ComposeViewController.m */ = {isa = PBXFileReference; fileEncoding = 4; lastKnownFileType = sourcecode.c.objc; path = ComposeViewController.m; sourceTree = "<group>"; };
		66C7229919AC6F03003C4667 /* MagicalImportFunctions.h */ = {isa = PBXFileReference; fileEncoding = 4; lastKnownFileType = sourcecode.c.h; path = MagicalImportFunctions.h; sourceTree = "<group>"; };
		66C7229A19AC6F03003C4667 /* MagicalImportFunctions.m */ = {isa = PBXFileReference; fileEncoding = 4; lastKnownFileType = sourcecode.c.objc; path = MagicalImportFunctions.m; sourceTree = "<group>"; };
		66C7229B19AC6F03003C4667 /* NSAttributeDescription+MagicalDataImport.h */ = {isa = PBXFileReference; fileEncoding = 4; lastKnownFileType = sourcecode.c.h; path = "NSAttributeDescription+MagicalDataImport.h"; sourceTree = "<group>"; };
		66C7229C19AC6F03003C4667 /* NSAttributeDescription+MagicalDataImport.m */ = {isa = PBXFileReference; fileEncoding = 4; lastKnownFileType = sourcecode.c.objc; path = "NSAttributeDescription+MagicalDataImport.m"; sourceTree = "<group>"; };
		66C7229D19AC6F03003C4667 /* NSEntityDescription+MagicalDataImport.h */ = {isa = PBXFileReference; fileEncoding = 4; lastKnownFileType = sourcecode.c.h; path = "NSEntityDescription+MagicalDataImport.h"; sourceTree = "<group>"; };
		66C7229E19AC6F03003C4667 /* NSEntityDescription+MagicalDataImport.m */ = {isa = PBXFileReference; fileEncoding = 4; lastKnownFileType = sourcecode.c.objc; path = "NSEntityDescription+MagicalDataImport.m"; sourceTree = "<group>"; };
		66C7229F19AC6F03003C4667 /* NSNumber+MagicalDataImport.h */ = {isa = PBXFileReference; fileEncoding = 4; lastKnownFileType = sourcecode.c.h; path = "NSNumber+MagicalDataImport.h"; sourceTree = "<group>"; };
		66C722A019AC6F03003C4667 /* NSNumber+MagicalDataImport.m */ = {isa = PBXFileReference; fileEncoding = 4; lastKnownFileType = sourcecode.c.objc; path = "NSNumber+MagicalDataImport.m"; sourceTree = "<group>"; };
		66C722A119AC6F03003C4667 /* NSObject+MagicalDataImport.h */ = {isa = PBXFileReference; fileEncoding = 4; lastKnownFileType = sourcecode.c.h; path = "NSObject+MagicalDataImport.h"; sourceTree = "<group>"; };
		66C722A219AC6F03003C4667 /* NSObject+MagicalDataImport.m */ = {isa = PBXFileReference; fileEncoding = 4; lastKnownFileType = sourcecode.c.objc; path = "NSObject+MagicalDataImport.m"; sourceTree = "<group>"; };
		66C722A319AC6F03003C4667 /* NSRelationshipDescription+MagicalDataImport.h */ = {isa = PBXFileReference; fileEncoding = 4; lastKnownFileType = sourcecode.c.h; path = "NSRelationshipDescription+MagicalDataImport.h"; sourceTree = "<group>"; };
		66C722A419AC6F03003C4667 /* NSRelationshipDescription+MagicalDataImport.m */ = {isa = PBXFileReference; fileEncoding = 4; lastKnownFileType = sourcecode.c.objc; path = "NSRelationshipDescription+MagicalDataImport.m"; sourceTree = "<group>"; };
		66C722A519AC6F03003C4667 /* NSString+MagicalDataImport.h */ = {isa = PBXFileReference; fileEncoding = 4; lastKnownFileType = sourcecode.c.h; path = "NSString+MagicalDataImport.h"; sourceTree = "<group>"; };
		66C722A619AC6F03003C4667 /* NSString+MagicalDataImport.m */ = {isa = PBXFileReference; fileEncoding = 4; lastKnownFileType = sourcecode.c.objc; path = "NSString+MagicalDataImport.m"; sourceTree = "<group>"; };
		66C722A819AC6F03003C4667 /* NSManagedObject+MagicalAggregation.h */ = {isa = PBXFileReference; fileEncoding = 4; lastKnownFileType = sourcecode.c.h; path = "NSManagedObject+MagicalAggregation.h"; sourceTree = "<group>"; };
		66C722A919AC6F03003C4667 /* NSManagedObject+MagicalAggregation.m */ = {isa = PBXFileReference; fileEncoding = 4; lastKnownFileType = sourcecode.c.objc; path = "NSManagedObject+MagicalAggregation.m"; sourceTree = "<group>"; };
		66C722AA19AC6F03003C4667 /* NSManagedObject+MagicalDataImport.h */ = {isa = PBXFileReference; fileEncoding = 4; lastKnownFileType = sourcecode.c.h; path = "NSManagedObject+MagicalDataImport.h"; sourceTree = "<group>"; };
		66C722AB19AC6F03003C4667 /* NSManagedObject+MagicalDataImport.m */ = {isa = PBXFileReference; fileEncoding = 4; lastKnownFileType = sourcecode.c.objc; path = "NSManagedObject+MagicalDataImport.m"; sourceTree = "<group>"; };
		66C722AC19AC6F03003C4667 /* NSManagedObject+MagicalFinders.h */ = {isa = PBXFileReference; fileEncoding = 4; lastKnownFileType = sourcecode.c.h; path = "NSManagedObject+MagicalFinders.h"; sourceTree = "<group>"; };
		66C722AD19AC6F03003C4667 /* NSManagedObject+MagicalFinders.m */ = {isa = PBXFileReference; fileEncoding = 4; lastKnownFileType = sourcecode.c.objc; path = "NSManagedObject+MagicalFinders.m"; sourceTree = "<group>"; };
		66C722AE19AC6F03003C4667 /* NSManagedObject+MagicalRecord.h */ = {isa = PBXFileReference; fileEncoding = 4; lastKnownFileType = sourcecode.c.h; path = "NSManagedObject+MagicalRecord.h"; sourceTree = "<group>"; };
		66C722AF19AC6F03003C4667 /* NSManagedObject+MagicalRecord.m */ = {isa = PBXFileReference; fileEncoding = 4; lastKnownFileType = sourcecode.c.objc; path = "NSManagedObject+MagicalRecord.m"; sourceTree = "<group>"; };
		66C722B019AC6F03003C4667 /* NSManagedObject+MagicalRequests.h */ = {isa = PBXFileReference; fileEncoding = 4; lastKnownFileType = sourcecode.c.h; path = "NSManagedObject+MagicalRequests.h"; sourceTree = "<group>"; };
		66C722B119AC6F03003C4667 /* NSManagedObject+MagicalRequests.m */ = {isa = PBXFileReference; fileEncoding = 4; lastKnownFileType = sourcecode.c.objc; path = "NSManagedObject+MagicalRequests.m"; sourceTree = "<group>"; };
		66C722B319AC6F03003C4667 /* NSManagedObjectContext+MagicalObserving.h */ = {isa = PBXFileReference; fileEncoding = 4; lastKnownFileType = sourcecode.c.h; path = "NSManagedObjectContext+MagicalObserving.h"; sourceTree = "<group>"; };
		66C722B419AC6F03003C4667 /* NSManagedObjectContext+MagicalObserving.m */ = {isa = PBXFileReference; fileEncoding = 4; lastKnownFileType = sourcecode.c.objc; path = "NSManagedObjectContext+MagicalObserving.m"; sourceTree = "<group>"; };
		66C722B519AC6F03003C4667 /* NSManagedObjectContext+MagicalRecord.h */ = {isa = PBXFileReference; fileEncoding = 4; lastKnownFileType = sourcecode.c.h; path = "NSManagedObjectContext+MagicalRecord.h"; sourceTree = "<group>"; };
		66C722B619AC6F03003C4667 /* NSManagedObjectContext+MagicalRecord.m */ = {isa = PBXFileReference; fileEncoding = 4; lastKnownFileType = sourcecode.c.objc; path = "NSManagedObjectContext+MagicalRecord.m"; sourceTree = "<group>"; };
		66C722B719AC6F03003C4667 /* NSManagedObjectContext+MagicalSaves.h */ = {isa = PBXFileReference; fileEncoding = 4; lastKnownFileType = sourcecode.c.h; path = "NSManagedObjectContext+MagicalSaves.h"; sourceTree = "<group>"; };
		66C722B819AC6F03003C4667 /* NSManagedObjectContext+MagicalSaves.m */ = {isa = PBXFileReference; fileEncoding = 4; lastKnownFileType = sourcecode.c.objc; path = "NSManagedObjectContext+MagicalSaves.m"; sourceTree = "<group>"; };
		66C722B919AC6F03003C4667 /* NSManagedObjectContext+MagicalThreading.h */ = {isa = PBXFileReference; fileEncoding = 4; lastKnownFileType = sourcecode.c.h; path = "NSManagedObjectContext+MagicalThreading.h"; sourceTree = "<group>"; };
		66C722BA19AC6F03003C4667 /* NSManagedObjectContext+MagicalThreading.m */ = {isa = PBXFileReference; fileEncoding = 4; lastKnownFileType = sourcecode.c.objc; path = "NSManagedObjectContext+MagicalThreading.m"; sourceTree = "<group>"; };
		66C722BB19AC6F03003C4667 /* NSManagedObjectModel+MagicalRecord.h */ = {isa = PBXFileReference; fileEncoding = 4; lastKnownFileType = sourcecode.c.h; path = "NSManagedObjectModel+MagicalRecord.h"; sourceTree = "<group>"; };
		66C722BC19AC6F03003C4667 /* NSManagedObjectModel+MagicalRecord.m */ = {isa = PBXFileReference; fileEncoding = 4; lastKnownFileType = sourcecode.c.objc; path = "NSManagedObjectModel+MagicalRecord.m"; sourceTree = "<group>"; };
		66C722BD19AC6F03003C4667 /* NSPersistentStore+MagicalRecord.h */ = {isa = PBXFileReference; fileEncoding = 4; lastKnownFileType = sourcecode.c.h; path = "NSPersistentStore+MagicalRecord.h"; sourceTree = "<group>"; };
		66C722BE19AC6F03003C4667 /* NSPersistentStore+MagicalRecord.m */ = {isa = PBXFileReference; fileEncoding = 4; lastKnownFileType = sourcecode.c.objc; path = "NSPersistentStore+MagicalRecord.m"; sourceTree = "<group>"; };
		66C722BF19AC6F03003C4667 /* NSPersistentStoreCoordinator+MagicalRecord.h */ = {isa = PBXFileReference; fileEncoding = 4; lastKnownFileType = sourcecode.c.h; path = "NSPersistentStoreCoordinator+MagicalRecord.h"; sourceTree = "<group>"; };
		66C722C019AC6F03003C4667 /* NSPersistentStoreCoordinator+MagicalRecord.m */ = {isa = PBXFileReference; fileEncoding = 4; lastKnownFileType = sourcecode.c.objc; path = "NSPersistentStoreCoordinator+MagicalRecord.m"; sourceTree = "<group>"; };
		66C722C219AC6F03003C4667 /* MagicalRecord+Actions.h */ = {isa = PBXFileReference; fileEncoding = 4; lastKnownFileType = sourcecode.c.h; path = "MagicalRecord+Actions.h"; sourceTree = "<group>"; };
		66C722C319AC6F03003C4667 /* MagicalRecord+Actions.m */ = {isa = PBXFileReference; fileEncoding = 4; lastKnownFileType = sourcecode.c.objc; path = "MagicalRecord+Actions.m"; sourceTree = "<group>"; };
		66C722C419AC6F03003C4667 /* MagicalRecord+ErrorHandling.h */ = {isa = PBXFileReference; fileEncoding = 4; lastKnownFileType = sourcecode.c.h; path = "MagicalRecord+ErrorHandling.h"; sourceTree = "<group>"; };
		66C722C519AC6F03003C4667 /* MagicalRecord+ErrorHandling.m */ = {isa = PBXFileReference; fileEncoding = 4; lastKnownFileType = sourcecode.c.objc; path = "MagicalRecord+ErrorHandling.m"; sourceTree = "<group>"; };
		66C722C619AC6F03003C4667 /* MagicalRecord+iCloud.h */ = {isa = PBXFileReference; fileEncoding = 4; lastKnownFileType = sourcecode.c.h; path = "MagicalRecord+iCloud.h"; sourceTree = "<group>"; };
		66C722C719AC6F03003C4667 /* MagicalRecord+iCloud.m */ = {isa = PBXFileReference; fileEncoding = 4; lastKnownFileType = sourcecode.c.objc; path = "MagicalRecord+iCloud.m"; sourceTree = "<group>"; };
		66C722C819AC6F03003C4667 /* MagicalRecord+Options.h */ = {isa = PBXFileReference; fileEncoding = 4; lastKnownFileType = sourcecode.c.h; path = "MagicalRecord+Options.h"; sourceTree = "<group>"; };
		66C722C919AC6F03003C4667 /* MagicalRecord+Options.m */ = {isa = PBXFileReference; fileEncoding = 4; lastKnownFileType = sourcecode.c.objc; path = "MagicalRecord+Options.m"; sourceTree = "<group>"; };
		66C722CA19AC6F03003C4667 /* MagicalRecord+Setup.h */ = {isa = PBXFileReference; fileEncoding = 4; lastKnownFileType = sourcecode.c.h; path = "MagicalRecord+Setup.h"; sourceTree = "<group>"; };
		66C722CB19AC6F03003C4667 /* MagicalRecord+Setup.m */ = {isa = PBXFileReference; fileEncoding = 4; lastKnownFileType = sourcecode.c.objc; path = "MagicalRecord+Setup.m"; sourceTree = "<group>"; };
		66C722CC19AC6F03003C4667 /* MagicalRecord+ShorthandSupport.h */ = {isa = PBXFileReference; fileEncoding = 4; lastKnownFileType = sourcecode.c.h; path = "MagicalRecord+ShorthandSupport.h"; sourceTree = "<group>"; };
		66C722CD19AC6F03003C4667 /* MagicalRecord+ShorthandSupport.m */ = {isa = PBXFileReference; fileEncoding = 4; lastKnownFileType = sourcecode.c.objc; path = "MagicalRecord+ShorthandSupport.m"; sourceTree = "<group>"; };
		66C722CE19AC6F03003C4667 /* MagicalRecord.h */ = {isa = PBXFileReference; fileEncoding = 4; lastKnownFileType = sourcecode.c.h; path = MagicalRecord.h; sourceTree = "<group>"; };
		66C722CF19AC6F03003C4667 /* MagicalRecord.m */ = {isa = PBXFileReference; fileEncoding = 4; lastKnownFileType = sourcecode.c.objc; path = MagicalRecord.m; sourceTree = "<group>"; };
		66C722D019AC6F03003C4667 /* MagicalRecordDeprecated.h */ = {isa = PBXFileReference; fileEncoding = 4; lastKnownFileType = sourcecode.c.h; path = MagicalRecordDeprecated.h; sourceTree = "<group>"; };
		66C722D119AC6F03003C4667 /* MagicalRecordLogging.h */ = {isa = PBXFileReference; fileEncoding = 4; lastKnownFileType = sourcecode.c.h; path = MagicalRecordLogging.h; sourceTree = "<group>"; };
		66C722D219AC6F03003C4667 /* MagicalRecordShorthand.h */ = {isa = PBXFileReference; fileEncoding = 4; lastKnownFileType = sourcecode.c.h; path = MagicalRecordShorthand.h; sourceTree = "<group>"; };
		66C722D319AC6F03003C4667 /* CoreData+MagicalRecord.h */ = {isa = PBXFileReference; fileEncoding = 4; lastKnownFileType = sourcecode.c.h; path = "CoreData+MagicalRecord.h"; sourceTree = "<group>"; };
/* End PBXFileReference section */

/* Begin PBXFrameworksBuildPhase section */
		661EB1F819A58ED00054D4C9 /* Frameworks */ = {
			isa = PBXFrameworksBuildPhase;
			buildActionMask = 2147483647;
			files = (
			);
			runOnlyForDeploymentPostprocessing = 0;
		};
		661EB21419A58ED00054D4C9 /* Frameworks */ = {
			isa = PBXFrameworksBuildPhase;
			buildActionMask = 2147483647;
			files = (
			);
			runOnlyForDeploymentPostprocessing = 0;
		};
/* End PBXFrameworksBuildPhase section */

/* Begin PBXGroup section */
		661EB1F219A58ED00054D4C9 = {
			isa = PBXGroup;
			children = (
				661EB1FD19A58ED00054D4C9 /* LucidNotes-iOS8 */,
				661EB21A19A58ED00054D4C9 /* LucidNotes-iOS8Tests */,
				661EB1FC19A58ED00054D4C9 /* Products */,
			);
			sourceTree = "<group>";
		};
		661EB1FC19A58ED00054D4C9 /* Products */ = {
			isa = PBXGroup;
			children = (
				661EB1FB19A58ED00054D4C9 /* LucidNotes-iOS8.app */,
				661EB21719A58ED00054D4C9 /* LucidNotes-iOS8Tests.xctest */,
			);
			name = Products;
			sourceTree = "<group>";
		};
		661EB1FD19A58ED00054D4C9 /* LucidNotes-iOS8 */ = {
			isa = PBXGroup;
			children = (
				661EB20219A58ED00054D4C9 /* AppDelegate.h */,
				661EB20319A58ED00054D4C9 /* AppDelegate.m */,
				661EB20819A58ED00054D4C9 /* MasterViewController.h */,
				661EB20919A58ED00054D4C9 /* MasterViewController.m */,
				661EB20B19A58ED00054D4C9 /* DetailViewController.h */,
				661EB20C19A58ED00054D4C9 /* DetailViewController.m */,
				661EB20E19A58ED00054D4C9 /* Main.storyboard */,
				661EB22D19A59B790054D4C9 /* DismissNewNoteSegue.h */,
				661EB22E19A59B790054D4C9 /* DismissNewNoteSegue.m */,
				661EB22A19A592D20054D4C9 /* NotesTableViewCell.h */,
				661EB22B19A592D20054D4C9 /* NotesTableViewCell.m */,
				66C7229619AC6F03003C4667 /* MagicalRecord */,
				661EB23A19A5B1970054D4C9 /* Notes */,
				661EB23619A5A8C70054D4C9 /* Alarm */,
				661EB21119A58ED00054D4C9 /* Images.xcassets */,
				661EB20519A58ED00054D4C9 /* LucidNotes_iOS8.xcdatamodeld */,
				661EB1FE19A58ED00054D4C9 /* Supporting Files */,
			);
			path = "LucidNotes-iOS8";
			sourceTree = "<group>";
		};
		661EB1FE19A58ED00054D4C9 /* Supporting Files */ = {
			isa = PBXGroup;
			children = (
				661EB1FF19A58ED00054D4C9 /* Info.plist */,
				661EB20019A58ED00054D4C9 /* main.m */,
			);
			name = "Supporting Files";
			sourceTree = "<group>";
		};
		661EB21A19A58ED00054D4C9 /* LucidNotes-iOS8Tests */ = {
			isa = PBXGroup;
			children = (
				661EB21D19A58ED00054D4C9 /* LucidNotes_iOS8Tests.m */,
				661EB21B19A58ED00054D4C9 /* Supporting Files */,
			);
			path = "LucidNotes-iOS8Tests";
			sourceTree = "<group>";
		};
		661EB21B19A58ED00054D4C9 /* Supporting Files */ = {
			isa = PBXGroup;
			children = (
				661EB21C19A58ED00054D4C9 /* Info.plist */,
			);
			name = "Supporting Files";
			sourceTree = "<group>";
		};
		661EB23619A5A8C70054D4C9 /* Alarm */ = {
			isa = PBXGroup;
			children = (
				661EB23019A5A8AC0054D4C9 /* AlarmTableViewCell.h */,
				661EB23119A5A8AC0054D4C9 /* AlarmTableViewCell.m */,
				661EB23319A5A8C40054D4C9 /* AlarmTableViewController.h */,
				661EB23419A5A8C40054D4C9 /* AlarmTableViewController.m */,
			);
			name = Alarm;
			sourceTree = "<group>";
		};
		661EB23A19A5B1970054D4C9 /* Notes */ = {
			isa = PBXGroup;
			children = (
				661EB23719A5B1900054D4C9 /* ComposeViewController.h */,
				661EB23819A5B1900054D4C9 /* ComposeViewController.m */,
			);
			name = Notes;
			sourceTree = "<group>";
		};
		66C7229619AC6F03003C4667 /* MagicalRecord */ = {
			isa = PBXGroup;
			children = (
				66C7229719AC6F03003C4667 /* Categories */,
				66C722C119AC6F03003C4667 /* Core */,
				66C722D319AC6F03003C4667 /* CoreData+MagicalRecord.h */,
			);
			path = MagicalRecord;
			sourceTree = "<group>";
		};
		66C7229719AC6F03003C4667 /* Categories */ = {
			isa = PBXGroup;
			children = (
				66C7229819AC6F03003C4667 /* DataImport */,
				66C722A719AC6F03003C4667 /* NSManagedObject */,
				66C722B219AC6F03003C4667 /* NSManagedObjectContext */,
				66C722BB19AC6F03003C4667 /* NSManagedObjectModel+MagicalRecord.h */,
				66C722BC19AC6F03003C4667 /* NSManagedObjectModel+MagicalRecord.m */,
				66C722BD19AC6F03003C4667 /* NSPersistentStore+MagicalRecord.h */,
				66C722BE19AC6F03003C4667 /* NSPersistentStore+MagicalRecord.m */,
				66C722BF19AC6F03003C4667 /* NSPersistentStoreCoordinator+MagicalRecord.h */,
				66C722C019AC6F03003C4667 /* NSPersistentStoreCoordinator+MagicalRecord.m */,
			);
			path = Categories;
			sourceTree = "<group>";
		};
		66C7229819AC6F03003C4667 /* DataImport */ = {
			isa = PBXGroup;
			children = (
				66C7229919AC6F03003C4667 /* MagicalImportFunctions.h */,
				66C7229A19AC6F03003C4667 /* MagicalImportFunctions.m */,
				66C7229B19AC6F03003C4667 /* NSAttributeDescription+MagicalDataImport.h */,
				66C7229C19AC6F03003C4667 /* NSAttributeDescription+MagicalDataImport.m */,
				66C7229D19AC6F03003C4667 /* NSEntityDescription+MagicalDataImport.h */,
				66C7229E19AC6F03003C4667 /* NSEntityDescription+MagicalDataImport.m */,
				66C7229F19AC6F03003C4667 /* NSNumber+MagicalDataImport.h */,
				66C722A019AC6F03003C4667 /* NSNumber+MagicalDataImport.m */,
				66C722A119AC6F03003C4667 /* NSObject+MagicalDataImport.h */,
				66C722A219AC6F03003C4667 /* NSObject+MagicalDataImport.m */,
				66C722A319AC6F03003C4667 /* NSRelationshipDescription+MagicalDataImport.h */,
				66C722A419AC6F03003C4667 /* NSRelationshipDescription+MagicalDataImport.m */,
				66C722A519AC6F03003C4667 /* NSString+MagicalDataImport.h */,
				66C722A619AC6F03003C4667 /* NSString+MagicalDataImport.m */,
			);
			path = DataImport;
			sourceTree = "<group>";
		};
		66C722A719AC6F03003C4667 /* NSManagedObject */ = {
			isa = PBXGroup;
			children = (
				66C722A819AC6F03003C4667 /* NSManagedObject+MagicalAggregation.h */,
				66C722A919AC6F03003C4667 /* NSManagedObject+MagicalAggregation.m */,
				66C722AA19AC6F03003C4667 /* NSManagedObject+MagicalDataImport.h */,
				66C722AB19AC6F03003C4667 /* NSManagedObject+MagicalDataImport.m */,
				66C722AC19AC6F03003C4667 /* NSManagedObject+MagicalFinders.h */,
				66C722AD19AC6F03003C4667 /* NSManagedObject+MagicalFinders.m */,
				66C722AE19AC6F03003C4667 /* NSManagedObject+MagicalRecord.h */,
				66C722AF19AC6F03003C4667 /* NSManagedObject+MagicalRecord.m */,
				66C722B019AC6F03003C4667 /* NSManagedObject+MagicalRequests.h */,
				66C722B119AC6F03003C4667 /* NSManagedObject+MagicalRequests.m */,
			);
			path = NSManagedObject;
			sourceTree = "<group>";
		};
		66C722B219AC6F03003C4667 /* NSManagedObjectContext */ = {
			isa = PBXGroup;
			children = (
				66C722B319AC6F03003C4667 /* NSManagedObjectContext+MagicalObserving.h */,
				66C722B419AC6F03003C4667 /* NSManagedObjectContext+MagicalObserving.m */,
				66C722B519AC6F03003C4667 /* NSManagedObjectContext+MagicalRecord.h */,
				66C722B619AC6F03003C4667 /* NSManagedObjectContext+MagicalRecord.m */,
				66C722B719AC6F03003C4667 /* NSManagedObjectContext+MagicalSaves.h */,
				66C722B819AC6F03003C4667 /* NSManagedObjectContext+MagicalSaves.m */,
				66C722B919AC6F03003C4667 /* NSManagedObjectContext+MagicalThreading.h */,
				66C722BA19AC6F03003C4667 /* NSManagedObjectContext+MagicalThreading.m */,
			);
			path = NSManagedObjectContext;
			sourceTree = "<group>";
		};
		66C722C119AC6F03003C4667 /* Core */ = {
			isa = PBXGroup;
			children = (
				66C722C219AC6F03003C4667 /* MagicalRecord+Actions.h */,
				66C722C319AC6F03003C4667 /* MagicalRecord+Actions.m */,
				66C722C419AC6F03003C4667 /* MagicalRecord+ErrorHandling.h */,
				66C722C519AC6F03003C4667 /* MagicalRecord+ErrorHandling.m */,
				66C722C619AC6F03003C4667 /* MagicalRecord+iCloud.h */,
				66C722C719AC6F03003C4667 /* MagicalRecord+iCloud.m */,
				66C722C819AC6F03003C4667 /* MagicalRecord+Options.h */,
				66C722C919AC6F03003C4667 /* MagicalRecord+Options.m */,
				66C722CA19AC6F03003C4667 /* MagicalRecord+Setup.h */,
				66C722CB19AC6F03003C4667 /* MagicalRecord+Setup.m */,
				66C722CC19AC6F03003C4667 /* MagicalRecord+ShorthandSupport.h */,
				66C722CD19AC6F03003C4667 /* MagicalRecord+ShorthandSupport.m */,
				66C722CE19AC6F03003C4667 /* MagicalRecord.h */,
				66C722CF19AC6F03003C4667 /* MagicalRecord.m */,
				66C722D019AC6F03003C4667 /* MagicalRecordDeprecated.h */,
				66C722D119AC6F03003C4667 /* MagicalRecordLogging.h */,
				66C722D219AC6F03003C4667 /* MagicalRecordShorthand.h */,
			);
			path = Core;
			sourceTree = "<group>";
		};
/* End PBXGroup section */

/* Begin PBXNativeTarget section */
		661EB1FA19A58ED00054D4C9 /* LucidNotes-iOS8 */ = {
			isa = PBXNativeTarget;
			buildConfigurationList = 661EB22119A58ED00054D4C9 /* Build configuration list for PBXNativeTarget "LucidNotes-iOS8" */;
			buildPhases = (
				661EB1F719A58ED00054D4C9 /* Sources */,
				661EB1F819A58ED00054D4C9 /* Frameworks */,
				661EB1F919A58ED00054D4C9 /* Resources */,
			);
			buildRules = (
			);
			dependencies = (
			);
			name = "LucidNotes-iOS8";
			productName = "LucidNotes-iOS8";
			productReference = 661EB1FB19A58ED00054D4C9 /* LucidNotes-iOS8.app */;
			productType = "com.apple.product-type.application";
		};
		661EB21619A58ED00054D4C9 /* LucidNotes-iOS8Tests */ = {
			isa = PBXNativeTarget;
			buildConfigurationList = 661EB22419A58ED00054D4C9 /* Build configuration list for PBXNativeTarget "LucidNotes-iOS8Tests" */;
			buildPhases = (
				661EB21319A58ED00054D4C9 /* Sources */,
				661EB21419A58ED00054D4C9 /* Frameworks */,
				661EB21519A58ED00054D4C9 /* Resources */,
			);
			buildRules = (
			);
			dependencies = (
				661EB21919A58ED00054D4C9 /* PBXTargetDependency */,
			);
			name = "LucidNotes-iOS8Tests";
			productName = "LucidNotes-iOS8Tests";
			productReference = 661EB21719A58ED00054D4C9 /* LucidNotes-iOS8Tests.xctest */;
			productType = "com.apple.product-type.bundle.unit-test";
		};
/* End PBXNativeTarget section */

/* Begin PBXProject section */
		661EB1F319A58ED00054D4C9 /* Project object */ = {
			isa = PBXProject;
			attributes = {
				LastUpgradeCheck = 0600;
				ORGANIZATIONNAME = "Andyy Hope";
				TargetAttributes = {
					661EB1FA19A58ED00054D4C9 = {
						CreatedOnToolsVersion = 6.0;
					};
					661EB21619A58ED00054D4C9 = {
						CreatedOnToolsVersion = 6.0;
						TestTargetID = 661EB1FA19A58ED00054D4C9;
					};
				};
			};
			buildConfigurationList = 661EB1F619A58ED00054D4C9 /* Build configuration list for PBXProject "LucidNotes-iOS8" */;
			compatibilityVersion = "Xcode 3.2";
			developmentRegion = English;
			hasScannedForEncodings = 0;
			knownRegions = (
				en,
				Base,
			);
			mainGroup = 661EB1F219A58ED00054D4C9;
			productRefGroup = 661EB1FC19A58ED00054D4C9 /* Products */;
			projectDirPath = "";
			projectRoot = "";
			targets = (
				661EB1FA19A58ED00054D4C9 /* LucidNotes-iOS8 */,
				661EB21619A58ED00054D4C9 /* LucidNotes-iOS8Tests */,
			);
		};
/* End PBXProject section */

/* Begin PBXResourcesBuildPhase section */
		661EB1F919A58ED00054D4C9 /* Resources */ = {
			isa = PBXResourcesBuildPhase;
			buildActionMask = 2147483647;
			files = (
				661EB21019A58ED00054D4C9 /* Main.storyboard in Resources */,
				661EB21219A58ED00054D4C9 /* Images.xcassets in Resources */,
			);
			runOnlyForDeploymentPostprocessing = 0;
		};
		661EB21519A58ED00054D4C9 /* Resources */ = {
			isa = PBXResourcesBuildPhase;
			buildActionMask = 2147483647;
			files = (
			);
			runOnlyForDeploymentPostprocessing = 0;
		};
/* End PBXResourcesBuildPhase section */

/* Begin PBXSourcesBuildPhase section */
		661EB1F719A58ED00054D4C9 /* Sources */ = {
			isa = PBXSourcesBuildPhase;
			buildActionMask = 2147483647;
			files = (
				66C722D519AC6F03003C4667 /* NSAttributeDescription+MagicalDataImport.m in Sources */,
				661EB20D19A58ED00054D4C9 /* DetailViewController.m in Sources */,
				661EB20A19A58ED00054D4C9 /* MasterViewController.m in Sources */,
				66C722E119AC6F03003C4667 /* NSManagedObjectContext+MagicalRecord.m in Sources */,
				66C722DB19AC6F03003C4667 /* NSManagedObject+MagicalAggregation.m in Sources */,
				661EB20419A58ED00054D4C9 /* AppDelegate.m in Sources */,
				661EB23919A5B1900054D4C9 /* ComposeViewController.m in Sources */,
				66C722D719AC6F03003C4667 /* NSNumber+MagicalDataImport.m in Sources */,
				661EB22C19A592D20054D4C9 /* NotesTableViewCell.m in Sources */,
				66C722E919AC6F03003C4667 /* MagicalRecord+iCloud.m in Sources */,
				66C722DD19AC6F03003C4667 /* NSManagedObject+MagicalFinders.m in Sources */,
				66C722D419AC6F03003C4667 /* MagicalImportFunctions.m in Sources */,
				66C722E319AC6F03003C4667 /* NSManagedObjectContext+MagicalThreading.m in Sources */,
				66C722E819AC6F03003C4667 /* MagicalRecord+ErrorHandling.m in Sources */,
				66C722E619AC6F03003C4667 /* NSPersistentStoreCoordinator+MagicalRecord.m in Sources */,
				661EB22F19A59B790054D4C9 /* DismissNewNoteSegue.m in Sources */,
				661EB20719A58ED00054D4C9 /* LucidNotes_iOS8.xcdatamodeld in Sources */,
				66C722DE19AC6F03003C4667 /* NSManagedObject+MagicalRecord.m in Sources */,
				66C722DC19AC6F03003C4667 /* NSManagedObject+MagicalDataImport.m in Sources */,
				66C722DA19AC6F03003C4667 /* NSString+MagicalDataImport.m in Sources */,
				66C722D619AC6F03003C4667 /* NSEntityDescription+MagicalDataImport.m in Sources */,
				66C722E719AC6F03003C4667 /* MagicalRecord+Actions.m in Sources */,
				66C722DF19AC6F03003C4667 /* NSManagedObject+MagicalRequests.m in Sources */,
				66C722E219AC6F03003C4667 /* NSManagedObjectContext+MagicalSaves.m in Sources */,
				66C722EC19AC6F03003C4667 /* MagicalRecord+ShorthandSupport.m in Sources */,
				661EB23519A5A8C40054D4C9 /* AlarmTableViewController.m in Sources */,
				66C722E419AC6F03003C4667 /* NSManagedObjectModel+MagicalRecord.m in Sources */,
				66C722EA19AC6F03003C4667 /* MagicalRecord+Options.m in Sources */,
				66C722EB19AC6F03003C4667 /* MagicalRecord+Setup.m in Sources */,
				661EB20119A58ED00054D4C9 /* main.m in Sources */,
				66C722D919AC6F03003C4667 /* NSRelationshipDescription+MagicalDataImport.m in Sources */,
				66C722ED19AC6F03003C4667 /* MagicalRecord.m in Sources */,
				66C722E019AC6F03003C4667 /* NSManagedObjectContext+MagicalObserving.m in Sources */,
				66C722E519AC6F03003C4667 /* NSPersistentStore+MagicalRecord.m in Sources */,
				661EB23219A5A8AC0054D4C9 /* AlarmTableViewCell.m in Sources */,
				66C722D819AC6F03003C4667 /* NSObject+MagicalDataImport.m in Sources */,
			);
			runOnlyForDeploymentPostprocessing = 0;
		};
		661EB21319A58ED00054D4C9 /* Sources */ = {
			isa = PBXSourcesBuildPhase;
			buildActionMask = 2147483647;
			files = (
				661EB21E19A58ED00054D4C9 /* LucidNotes_iOS8Tests.m in Sources */,
			);
			runOnlyForDeploymentPostprocessing = 0;
		};
/* End PBXSourcesBuildPhase section */

/* Begin PBXTargetDependency section */
		661EB21919A58ED00054D4C9 /* PBXTargetDependency */ = {
			isa = PBXTargetDependency;
			target = 661EB1FA19A58ED00054D4C9 /* LucidNotes-iOS8 */;
			targetProxy = 661EB21819A58ED00054D4C9 /* PBXContainerItemProxy */;
		};
/* End PBXTargetDependency section */

/* Begin PBXVariantGroup section */
		661EB20E19A58ED00054D4C9 /* Main.storyboard */ = {
			isa = PBXVariantGroup;
			children = (
				661EB20F19A58ED00054D4C9 /* Base */,
			);
			name = Main.storyboard;
			sourceTree = "<group>";
		};
/* End PBXVariantGroup section */

/* Begin XCBuildConfiguration section */
		661EB21F19A58ED00054D4C9 /* Debug */ = {
			isa = XCBuildConfiguration;
			buildSettings = {
				ALWAYS_SEARCH_USER_PATHS = NO;
				CLANG_CXX_LANGUAGE_STANDARD = "gnu++0x";
				CLANG_CXX_LIBRARY = "libc++";
				CLANG_ENABLE_MODULES = YES;
				CLANG_ENABLE_OBJC_ARC = YES;
				CLANG_WARN_BOOL_CONVERSION = YES;
				CLANG_WARN_CONSTANT_CONVERSION = YES;
				CLANG_WARN_DIRECT_OBJC_ISA_USAGE = YES_ERROR;
				CLANG_WARN_EMPTY_BODY = YES;
				CLANG_WARN_ENUM_CONVERSION = YES;
				CLANG_WARN_INT_CONVERSION = YES;
				CLANG_WARN_OBJC_ROOT_CLASS = YES_ERROR;
				CLANG_WARN_UNREACHABLE_CODE = YES;
				CLANG_WARN__DUPLICATE_METHOD_MATCH = YES;
				"CODE_SIGN_IDENTITY[sdk=iphoneos*]" = "iPhone Developer";
				COPY_PHASE_STRIP = NO;
				ENABLE_STRICT_OBJC_MSGSEND = YES;
				GCC_C_LANGUAGE_STANDARD = gnu99;
				GCC_DYNAMIC_NO_PIC = NO;
				GCC_OPTIMIZATION_LEVEL = 0;
				GCC_PREPROCESSOR_DEFINITIONS = (
					"DEBUG=1",
					"$(inherited)",
				);
				GCC_SYMBOLS_PRIVATE_EXTERN = NO;
				GCC_WARN_64_TO_32_BIT_CONVERSION = YES;
				GCC_WARN_ABOUT_RETURN_TYPE = YES_ERROR;
				GCC_WARN_UNDECLARED_SELECTOR = YES;
				GCC_WARN_UNINITIALIZED_AUTOS = YES_AGGRESSIVE;
				GCC_WARN_UNUSED_FUNCTION = YES;
				GCC_WARN_UNUSED_VARIABLE = YES;
				IPHONEOS_DEPLOYMENT_TARGET = 8.0;
				MTL_ENABLE_DEBUG_INFO = YES;
				ONLY_ACTIVE_ARCH = YES;
				SDKROOT = iphoneos;
			};
			name = Debug;
		};
		661EB22019A58ED00054D4C9 /* Release */ = {
			isa = XCBuildConfiguration;
			buildSettings = {
				ALWAYS_SEARCH_USER_PATHS = NO;
				CLANG_CXX_LANGUAGE_STANDARD = "gnu++0x";
				CLANG_CXX_LIBRARY = "libc++";
				CLANG_ENABLE_MODULES = YES;
				CLANG_ENABLE_OBJC_ARC = YES;
				CLANG_WARN_BOOL_CONVERSION = YES;
				CLANG_WARN_CONSTANT_CONVERSION = YES;
				CLANG_WARN_DIRECT_OBJC_ISA_USAGE = YES_ERROR;
				CLANG_WARN_EMPTY_BODY = YES;
				CLANG_WARN_ENUM_CONVERSION = YES;
				CLANG_WARN_INT_CONVERSION = YES;
				CLANG_WARN_OBJC_ROOT_CLASS = YES_ERROR;
				CLANG_WARN_UNREACHABLE_CODE = YES;
				CLANG_WARN__DUPLICATE_METHOD_MATCH = YES;
				"CODE_SIGN_IDENTITY[sdk=iphoneos*]" = "iPhone Developer";
				COPY_PHASE_STRIP = YES;
				ENABLE_NS_ASSERTIONS = NO;
				ENABLE_STRICT_OBJC_MSGSEND = YES;
				GCC_C_LANGUAGE_STANDARD = gnu99;
				GCC_WARN_64_TO_32_BIT_CONVERSION = YES;
				GCC_WARN_ABOUT_RETURN_TYPE = YES_ERROR;
				GCC_WARN_UNDECLARED_SELECTOR = YES;
				GCC_WARN_UNINITIALIZED_AUTOS = YES_AGGRESSIVE;
				GCC_WARN_UNUSED_FUNCTION = YES;
				GCC_WARN_UNUSED_VARIABLE = YES;
				IPHONEOS_DEPLOYMENT_TARGET = 8.0;
				MTL_ENABLE_DEBUG_INFO = NO;
				SDKROOT = iphoneos;
				VALIDATE_PRODUCT = YES;
			};
			name = Release;
		};
		661EB22219A58ED00054D4C9 /* Debug */ = {
			isa = XCBuildConfiguration;
			buildSettings = {
				ASSETCATALOG_COMPILER_APPICON_NAME = AppIcon;
				ASSETCATALOG_COMPILER_LAUNCHIMAGE_NAME = LaunchImage;
				INFOPLIST_FILE = "LucidNotes-iOS8/Info.plist";
				LD_RUNPATH_SEARCH_PATHS = "$(inherited) @executable_path/Frameworks";
				PRODUCT_NAME = "$(TARGET_NAME)";
			};
			name = Debug;
		};
		661EB22319A58ED00054D4C9 /* Release */ = {
			isa = XCBuildConfiguration;
			buildSettings = {
				ASSETCATALOG_COMPILER_APPICON_NAME = AppIcon;
				ASSETCATALOG_COMPILER_LAUNCHIMAGE_NAME = LaunchImage;
				INFOPLIST_FILE = "LucidNotes-iOS8/Info.plist";
				LD_RUNPATH_SEARCH_PATHS = "$(inherited) @executable_path/Frameworks";
				PRODUCT_NAME = "$(TARGET_NAME)";
			};
			name = Release;
		};
		661EB22519A58ED00054D4C9 /* Debug */ = {
			isa = XCBuildConfiguration;
			buildSettings = {
				BUNDLE_LOADER = "$(TEST_HOST)";
				FRAMEWORK_SEARCH_PATHS = (
					"$(SDKROOT)/Developer/Library/Frameworks",
					"$(inherited)",
				);
				GCC_PREPROCESSOR_DEFINITIONS = (
					"DEBUG=1",
					"$(inherited)",
				);
				INFOPLIST_FILE = "LucidNotes-iOS8Tests/Info.plist";
				LD_RUNPATH_SEARCH_PATHS = "$(inherited) @executable_path/Frameworks @loader_path/Frameworks";
				PRODUCT_NAME = "$(TARGET_NAME)";
				TEST_HOST = "$(BUILT_PRODUCTS_DIR)/LucidNotes-iOS8.app/LucidNotes-iOS8";
			};
			name = Debug;
		};
		661EB22619A58ED00054D4C9 /* Release */ = {
			isa = XCBuildConfiguration;
			buildSettings = {
				BUNDLE_LOADER = "$(TEST_HOST)";
				FRAMEWORK_SEARCH_PATHS = (
					"$(SDKROOT)/Developer/Library/Frameworks",
					"$(inherited)",
				);
				INFOPLIST_FILE = "LucidNotes-iOS8Tests/Info.plist";
				LD_RUNPATH_SEARCH_PATHS = "$(inherited) @executable_path/Frameworks @loader_path/Frameworks";
				PRODUCT_NAME = "$(TARGET_NAME)";
				TEST_HOST = "$(BUILT_PRODUCTS_DIR)/LucidNotes-iOS8.app/LucidNotes-iOS8";
			};
			name = Release;
		};
/* End XCBuildConfiguration section */

/* Begin XCConfigurationList section */
		661EB1F619A58ED00054D4C9 /* Build configuration list for PBXProject "LucidNotes-iOS8" */ = {
			isa = XCConfigurationList;
			buildConfigurations = (
				661EB21F19A58ED00054D4C9 /* Debug */,
				661EB22019A58ED00054D4C9 /* Release */,
			);
			defaultConfigurationIsVisible = 0;
			defaultConfigurationName = Release;
		};
		661EB22119A58ED00054D4C9 /* Build configuration list for PBXNativeTarget "LucidNotes-iOS8" */ = {
			isa = XCConfigurationList;
			buildConfigurations = (
				661EB22219A58ED00054D4C9 /* Debug */,
				661EB22319A58ED00054D4C9 /* Release */,
			);
			defaultConfigurationIsVisible = 0;
			defaultConfigurationName = Release;
		};
		661EB22419A58ED00054D4C9 /* Build configuration list for PBXNativeTarget "LucidNotes-iOS8Tests" */ = {
			isa = XCConfigurationList;
			buildConfigurations = (
				661EB22519A58ED00054D4C9 /* Debug */,
				661EB22619A58ED00054D4C9 /* Release */,
			);
			defaultConfigurationIsVisible = 0;
			defaultConfigurationName = Release;
		};
/* End XCConfigurationList section */

/* Begin XCVersionGroup section */
		661EB20519A58ED00054D4C9 /* LucidNotes_iOS8.xcdatamodeld */ = {
			isa = XCVersionGroup;
			children = (
				661EB20619A58ED00054D4C9 /* LucidNotes_iOS8.xcdatamodel */,
			);
			currentVersion = 661EB20619A58ED00054D4C9 /* LucidNotes_iOS8.xcdatamodel */;
			path = LucidNotes_iOS8.xcdatamodeld;
			sourceTree = "<group>";
			versionGroupType = wrapper.xcdatamodel;
		};
/* End XCVersionGroup section */
	};
	rootObject = 661EB1F319A58ED00054D4C9 /* Project object */;
}
